
Microsoft Visual Studio Solution File, Format Version 12.00
# Visual Studio Version 16
VisualStudioVersion = 25.0.1706.0
MinimumVisualStudioVersion = 10.0.40219.1
Project("{FAE04EC0-301F-11D3-BF4B-00C04F79EFBC}") = "PremiumOfferingsUsingDecoratorDP", "PremiumOfferingsUsingDecoratorDP\PremiumOfferingsUsingDecoratorDP.csproj", "{83825FE2-B94A-4252-9D2E-D675C7F55B5D}"
EndProject
Global
	GlobalSection(SolutionConfigurationPlatforms) = preSolution
		Debug|Any CPU = Debug|Any CPU
		Release|Any CPU = Release|Any CPU
	EndGlobalSection
	GlobalSection(ProjectConfigurationPlatforms) = postSolution
		{83825FE2-B94A-4252-9D2E-D675C7F55B5D}.Debug|Any CPU.ActiveCfg = Debug|Any CPU
		{83825FE2-B94A-4252-9D2E-D675C7F55B5D}.Debug|Any CPU.Build.0 = Debug|Any CPU
		{83825FE2-B94A-4252-9D2E-D675C7F55B5D}.Release|Any CPU.ActiveCfg = Release|Any CPU
		{83825FE2-B94A-4252-9D2E-D675C7F55B5D}.Release|Any CPU.Build.0 = Release|Any CPU
	EndGlobalSection
	GlobalSection(SolutionProperties) = preSolution
		HideSolutionNode = FALSE
	EndGlobalSection
	GlobalSection(ExtensibilityGlobals) = postSolution
		SolutionGuid = {CD513FE4-0DFC-4FB7-8E38-DDCCEE24CD54}
	EndGlobalSection
EndGlobal
